
Microsoft Visual Studio Solution File, Format Version 12.00
# Visual Studio Version 17
VisualStudioVersion = 17.8.34330.188
MinimumVisualStudioVersion = 10.0.40219.1
Project("{FAE04EC0-301F-11D3-BF4B-00C04F79EFBC}") = "CytologyMacro_V2", "CytologyMacro_V2\CytologyMacro_V2.csproj", "{DA916668-4494-464D-950A-E52943B83A73}"
EndProject
Project("{FAE04EC0-301F-11D3-BF4B-00C04F79EFBC}") = "ONE1_richTextCtrl", "..\ONE1_richTextCtrl\ONE1_richTextCtrl.csproj", "{328531B6-57F7-4853-AF95-46798933D063}"
EndProject
Project("{FAE04EC0-301F-11D3-BF4B-00C04F79EFBC}") = "Patholab_DAL_V1", "..\Patholab_DAL_V1\Patholab_DAL_V1\Patholab_DAL_V1.csproj", "{654B85EA-0ADD-42AD-AA0A-FAE4CB001F97}"
EndProject
Global
	GlobalSection(SolutionConfigurationPlatforms) = preSolution
		Debug|Any CPU = Debug|Any CPU
		Release|Any CPU = Release|Any CPU
	EndGlobalSection
	GlobalSection(ProjectConfigurationPlatforms) = postSolution
		{DA916668-4494-464D-950A-E52943B83A73}.Debug|Any CPU.ActiveCfg = Debug|Any CPU
		{DA916668-4494-464D-950A-E52943B83A73}.Debug|Any CPU.Build.0 = Debug|Any CPU
		{DA916668-4494-464D-950A-E52943B83A73}.Release|Any CPU.ActiveCfg = Release|Any CPU
		{DA916668-4494-464D-950A-E52943B83A73}.Release|Any CPU.Build.0 = Release|Any CPU
		{328531B6-57F7-4853-AF95-46798933D063}.Debug|Any CPU.ActiveCfg = Debug|Any CPU
		{328531B6-57F7-4853-AF95-46798933D063}.Debug|Any CPU.Build.0 = Debug|Any CPU
		{328531B6-57F7-4853-AF95-46798933D063}.Release|Any CPU.ActiveCfg = Release|Any CPU
		{328531B6-57F7-4853-AF95-46798933D063}.Release|Any CPU.Build.0 = Release|Any CPU
		{654B85EA-0ADD-42AD-AA0A-FAE4CB001F97}.Debug|Any CPU.ActiveCfg = Debug|Any CPU
		{654B85EA-0ADD-42AD-AA0A-FAE4CB001F97}.Debug|Any CPU.Build.0 = Debug|Any CPU
		{654B85EA-0ADD-42AD-AA0A-FAE4CB001F97}.Release|Any CPU.ActiveCfg = Release|Any CPU
		{654B85EA-0ADD-42AD-AA0A-FAE4CB001F97}.Release|Any CPU.Build.0 = Release|Any CPU
	EndGlobalSection
	GlobalSection(SolutionProperties) = preSolution
		HideSolutionNode = FALSE
	EndGlobalSection
	GlobalSection(ExtensibilityGlobals) = postSolution
		SolutionGuid = {560431B9-107F-4A31-943D-779786310324}
	EndGlobalSection
EndGlobal
